
Microsoft Visual Studio Solution File, Format Version 12.00
# Visual Studio Version 16
VisualStudioVersion = 16.0.31205.134
MinimumVisualStudioVersion = 10.0.40219.1
Project("{FAE04EC0-301F-11D3-BF4B-00C04F79EFBC}") = "Minesweeper", "Minesweeper.csproj", "{D2A8B1CF-504B-4B62-8290-1797B105EC44}"
EndProject
Global
	GlobalSection(SolutionConfigurationPlatforms) = preSolution
		Debug|Any CPU = Debug|Any CPU
		Release|Any CPU = Release|Any CPU
	EndGlobalSection
	GlobalSection(ProjectConfigurationPlatforms) = postSolution
		{D2A8B1CF-504B-4B62-8290-1797B105EC44}.Debug|Any CPU.ActiveCfg = Debug|Any CPU
		{D2A8B1CF-504B-4B62-8290-1797B105EC44}.Debug|Any CPU.Build.0 = Debug|Any CPU
		{D2A8B1CF-504B-4B62-8290-1797B105EC44}.Release|Any CPU.ActiveCfg = Release|Any CPU
		{D2A8B1CF-504B-4B62-8290-1797B105EC44}.Release|Any CPU.Build.0 = Release|Any CPU
	EndGlobalSection
	GlobalSection(SolutionProperties) = preSolution
		HideSolutionNode = FALSE
	EndGlobalSection
	GlobalSection(ExtensibilityGlobals) = postSolution
		SolutionGuid = {FD60D67A-2AE5-4CDE-B197-44EB3855B129}
	EndGlobalSection
EndGlobal
